
Microsoft Visual Studio Solution File, Format Version 12.00
# Visual Studio 15
VisualStudioVersion = 15.0.26730.8
MinimumVisualStudioVersion = 10.0.40219.1
Project("{888888A0-9F3D-457C-B088-3A5042F75D52}") = "X4_Customizer", "X4_Customizer\X4_Customizer.pyproj", "{F321F45F-39EE-4CC8-91E7-BFEC28462C97}"
EndProject
Global
	GlobalSection(SolutionConfigurationPlatforms) = preSolution
		Debug|Any CPU = Debug|Any CPU
		Release|Any CPU = Release|Any CPU
	EndGlobalSection
	GlobalSection(ProjectConfigurationPlatforms) = postSolution
		{F321F45F-39EE-4CC8-91E7-BFEC28462C97}.Debug|Any CPU.ActiveCfg = Debug|Any CPU
		{F321F45F-39EE-4CC8-91E7-BFEC28462C97}.Release|Any CPU.ActiveCfg = Release|Any CPU
	EndGlobalSection
	GlobalSection(SolutionProperties) = preSolution
		HideSolutionNode = FALSE
	EndGlobalSection
	GlobalSection(ExtensibilityGlobals) = postSolution
		SolutionGuid = {37D26190-1A35-441B-83A7-6D8B739BC0CF}
	EndGlobalSection
EndGlobal
